
Microsoft Visual Studio Solution File, Format Version 12.00
# Visual Studio Version 16
VisualStudioVersion = 16.0.32929.386
MinimumVisualStudioVersion = 10.0.40219.1
Project("{FAE04EC0-301F-11D3-BF4B-00C04F79EFBC}") = "PortfolioWebsite", "PortfolioWebsite\PortfolioWebsite.csproj", "{63BF8891-B8FC-4F2B-88A4-A3221160F8D2}"
EndProject
Global
	GlobalSection(SolutionConfigurationPlatforms) = preSolution
		Debug|Any CPU = Debug|Any CPU
		Release|Any CPU = Release|Any CPU
	EndGlobalSection
	GlobalSection(ProjectConfigurationPlatforms) = postSolution
		{63BF8891-B8FC-4F2B-88A4-A3221160F8D2}.Debug|Any CPU.ActiveCfg = Debug|Any CPU
		{63BF8891-B8FC-4F2B-88A4-A3221160F8D2}.Debug|Any CPU.Build.0 = Debug|Any CPU
		{63BF8891-B8FC-4F2B-88A4-A3221160F8D2}.Release|Any CPU.ActiveCfg = Release|Any CPU
		{63BF8891-B8FC-4F2B-88A4-A3221160F8D2}.Release|Any CPU.Build.0 = Release|Any CPU
	EndGlobalSection
	GlobalSection(SolutionProperties) = preSolution
		HideSolutionNode = FALSE
	EndGlobalSection
	GlobalSection(ExtensibilityGlobals) = postSolution
		SolutionGuid = {73D8A45B-B03C-4972-9FFD-4E89CE48E3D9}
	EndGlobalSection
EndGlobal
